
Microsoft Visual Studio Solution File, Format Version 12.00
Project("{FAE04EC0-301F-11D3-BF4B-00C04F79EFBC}") = "PublishAotDemo", "PublishAotDemo\PublishAotDemo.csproj", "{84CC6C0A-1358-4EF7-BE85-0BD4EA984ACB}"
EndProject
Global
	GlobalSection(SolutionConfigurationPlatforms) = preSolution
		Debug|Any CPU = Debug|Any CPU
		Release|Any CPU = Release|Any CPU
	EndGlobalSection
	GlobalSection(ProjectConfigurationPlatforms) = postSolution
		{84CC6C0A-1358-4EF7-BE85-0BD4EA984ACB}.Debug|Any CPU.ActiveCfg = Debug|Any CPU
		{84CC6C0A-1358-4EF7-BE85-0BD4EA984ACB}.Debug|Any CPU.Build.0 = Debug|Any CPU
		{84CC6C0A-1358-4EF7-BE85-0BD4EA984ACB}.Release|Any CPU.ActiveCfg = Release|Any CPU
		{84CC6C0A-1358-4EF7-BE85-0BD4EA984ACB}.Release|Any CPU.Build.0 = Release|Any CPU
	EndGlobalSection
EndGlobal
